
Microsoft Visual Studio Solution File, Format Version 12.00
# Visual Studio Version 16
VisualStudioVersion = 16.0.29215.179
MinimumVisualStudioVersion = 10.0.40219.1
Project("{FAE04EC0-301F-11D3-BF4B-00C04F79EFBC}") = "Aula98CursoOnline2", "Aula98CursoOnline2\Aula98CursoOnline2.csproj", "{BF397A2F-E65A-4D4A-BB69-0B66FB46EEA2}"
EndProject
Global
	GlobalSection(SolutionConfigurationPlatforms) = preSolution
		Debug|Any CPU = Debug|Any CPU
		Release|Any CPU = Release|Any CPU
	EndGlobalSection
	GlobalSection(ProjectConfigurationPlatforms) = postSolution
		{BF397A2F-E65A-4D4A-BB69-0B66FB46EEA2}.Debug|Any CPU.ActiveCfg = Debug|Any CPU
		{BF397A2F-E65A-4D4A-BB69-0B66FB46EEA2}.Debug|Any CPU.Build.0 = Debug|Any CPU
		{BF397A2F-E65A-4D4A-BB69-0B66FB46EEA2}.Release|Any CPU.ActiveCfg = Release|Any CPU
		{BF397A2F-E65A-4D4A-BB69-0B66FB46EEA2}.Release|Any CPU.Build.0 = Release|Any CPU
	EndGlobalSection
	GlobalSection(SolutionProperties) = preSolution
		HideSolutionNode = FALSE
	EndGlobalSection
	GlobalSection(ExtensibilityGlobals) = postSolution
		SolutionGuid = {77266B03-B432-4C1D-8921-D4A1C158597A}
	EndGlobalSection
EndGlobal
